
Microsoft Visual Studio Solution File, Format Version 12.00
# Visual Studio 15
VisualStudioVersion = 15.0.28010.2019
MinimumVisualStudioVersion = 10.0.40219.1
Project("{9A19103F-16F7-4668-BE54-9A1E7A4F7556}") = "AnnConn", "AnnConn\AnnConn.csproj", "{68C3BE51-67E9-48FB-8378-059B0FBCB064}"
EndProject
Global
	GlobalSection(SolutionConfigurationPlatforms) = preSolution
		Debug|Any CPU = Debug|Any CPU
		Release|Any CPU = Release|Any CPU
	EndGlobalSection
	GlobalSection(ProjectConfigurationPlatforms) = postSolution
		{68C3BE51-67E9-48FB-8378-059B0FBCB064}.Debug|Any CPU.ActiveCfg = Debug|Any CPU
		{68C3BE51-67E9-48FB-8378-059B0FBCB064}.Debug|Any CPU.Build.0 = Debug|Any CPU
		{68C3BE51-67E9-48FB-8378-059B0FBCB064}.Release|Any CPU.ActiveCfg = Release|Any CPU
		{68C3BE51-67E9-48FB-8378-059B0FBCB064}.Release|Any CPU.Build.0 = Release|Any CPU
	EndGlobalSection
	GlobalSection(SolutionProperties) = preSolution
		HideSolutionNode = FALSE
	EndGlobalSection
	GlobalSection(ExtensibilityGlobals) = postSolution
		SolutionGuid = {7FD6CC14-A0B0-4E76-BAB1-D876392BBA8D}
	EndGlobalSection
EndGlobal
